# THIS IS AN AUTOGENERATED FILE. DO NOT EDIT THIS FILE DIRECTLY.
# yarn lockfile v1


bulma@^0.6.2:
  version "0.6.2"
  resolved "https://registry.yarnpkg.com/bulma/-/bulma-0.6.2.tgz#f4b1d11d5acc51a79644eb0a2b0b10649d3d71f5"

font-awesome@^4.7.0:
  version "4.7.0"
  resolved "https://registry.yarnpkg.com/font-awesome/-/font-awesome-4.7.0.tgz#8fa8cf0411a1a31afd07b06d2902bb9fc815a133"

google-font@^1.0.1:
  version "1.0.1"
  resolved "https://registry.yarnpkg.com/google-font/-/google-font-1.0.1.tgz#41641fb979b6e9fa5a86d10ce01b94fab7c45071"
  dependencies:
    shelljs "^0.6.0"

shelljs@^0.6.0:
  version "0.6.1"
  resolved "https://registry.yarnpkg.com/shelljs/-/shelljs-0.6.1.tgz#ec6211bed1920442088fe0f70b2837232ed2c8a8"
